
Microsoft Visual Studio Solution File, Format Version 12.00
# Visual Studio Version 16
VisualStudioVersion = 16.0.30717.126
MinimumVisualStudioVersion = 10.0.40219.1
Project("{FAE04EC0-301F-11D3-BF4B-00C04F79EFBC}") = "DBClinica_EL01", "DBClinica_EL01.csproj", "{A7EC89BC-D4CB-487F-9072-7986E328DF19}"
EndProject
Global
	GlobalSection(SolutionConfigurationPlatforms) = preSolution
		Debug|Any CPU = Debug|Any CPU
		Release|Any CPU = Release|Any CPU
	EndGlobalSection
	GlobalSection(ProjectConfigurationPlatforms) = postSolution
		{A7EC89BC-D4CB-487F-9072-7986E328DF19}.Debug|Any CPU.ActiveCfg = Debug|Any CPU
		{A7EC89BC-D4CB-487F-9072-7986E328DF19}.Debug|Any CPU.Build.0 = Debug|Any CPU
		{A7EC89BC-D4CB-487F-9072-7986E328DF19}.Release|Any CPU.ActiveCfg = Release|Any CPU
		{A7EC89BC-D4CB-487F-9072-7986E328DF19}.Release|Any CPU.Build.0 = Release|Any CPU
	EndGlobalSection
	GlobalSection(SolutionProperties) = preSolution
		HideSolutionNode = FALSE
	EndGlobalSection
	GlobalSection(ExtensibilityGlobals) = postSolution
		SolutionGuid = {4B026E32-EFB8-465A-BDE4-607784359729}
	EndGlobalSection
EndGlobal
